{
  "name": "bizarre-cafe",
  "version": "0.1.0",
  "lockfileVersion": 3,
  "requires": true,
  "packages": {
    "": {
      "name": "bizarre-cafe",
      "version": "0.1.0",
      "license": "MIT",
      "dependencies": {
        "hono": "^4.0.0",
        "algoliasearch": "^4.24.0",
        "ed25519-hypercore": "^2.0.0",
        "key-did-provider-ed25519": "^1.2.0",
        "key-did-resolver": "^3.0.0",
        "uniregistro": "^0.0.10",
        "x402": "^0.3.0",
        "supabase": "^1.200.0",
        "dotenv": "^16.4.0",
        "ws": "^8.18.0",
        "zod": "^3.23.0"
      },
      "devDependencies": {
        "@types/node": "^22.0.0",
        "@types/ws": "^8.5.0",
        "@types/express": "^5.0.0",
        "typescript": "^5.5.0",
        "tsx": "^4.19.0",
        "vitest": "^2.1.0",
        "eslint": "^9.0.0",
        "@typescript-eslint/eslint-plugin": "^8.0.0",
        "@typescript-eslint/parser": "^8.0.0"
      },
      "engines": {
        "node": ">=20.0.0"
      }
    }
  }
}
